{
  "requires": true,
  "lockfileVersion": 1,
  "dependencies": {
    "intro.js": {
      "version": "2.9.3",
      "resolved": "https://registry.npmjs.org/intro.js/-/intro.js-2.9.3.tgz",
      "integrity": "sha512-hC+EXWnEuJeA3CveGMat3XHePd2iaXNFJIVfvJh2E9IzBMGLTlhWvPIVHAgKlOpO4lNayCxEqzr4N02VmHFr9Q=="
    }
  }
}
